
Microsoft Visual Studio Solution File, Format Version 12.00
# Visual Studio Version 16
VisualStudioVersion = 16.0.31402.337
MinimumVisualStudioVersion = 10.0.40219.1
Project("{2150E333-8FDC-42A3-9474-1A3956D46DE8}") = "1 - Services", "1 - Services", "{8D2A0F4D-FA20-4F32-B7F8-2E109EB73DAA}"
EndProject
Project("{2150E333-8FDC-42A3-9474-1A3956D46DE8}") = "2 - Application", "2 - Application", "{98E25F96-29BC-43B0-BE53-9A85FEB69F41}"
EndProject
Project("{2150E333-8FDC-42A3-9474-1A3956D46DE8}") = "3 - Domain", "3 - Domain", "{888FC12A-426D-432D-A784-75B00A55B891}"
EndProject
Project("{2150E333-8FDC-42A3-9474-1A3956D46DE8}") = "4 - Infrastructure", "4 - Infrastructure", "{F00F94E2-3855-4EE4-81BD-1F5D50CF7D20}"
EndProject
Project("{9A19103F-16F7-4668-BE54-9A1E7A4F7556}") = "RestApiModeloDDD.Application", "RestApiModeloDDD.Application\RestApiModeloDDD.Application.csproj", "{5BA44209-A276-4996-8550-EFD0020ABCBE}"
EndProject
Project("{9A19103F-16F7-4668-BE54-9A1E7A4F7556}") = "RestApiModeloDDD.Domain", "RestApiModeloDDD.Domain\RestApiModeloDDD.Domain.csproj", "{00A7A98F-D204-4298-B3B9-BAED5BC9F9FE}"
EndProject
Project("{9A19103F-16F7-4668-BE54-9A1E7A4F7556}") = "RestApiModeloDDD.Domain.Core", "RestApiModeloDDD.Domain.Core\RestApiModeloDDD.Domain.Core.csproj", "{C4138101-8578-4E4D-8FAE-425BEB1F52C5}"
EndProject
Project("{9A19103F-16F7-4668-BE54-9A1E7A4F7556}") = "RestApiModeloDDD.Domain.Services", "RestApiModeloDDD.Domain.Services\RestApiModeloDDD.Domain.Services.csproj", "{2F217E31-B029-4607-9EE4-D7FE0F2D5892}"
EndProject
Project("{9A19103F-16F7-4668-BE54-9A1E7A4F7556}") = "RestApiModeloDDD.Infrastructure", "RestApiModeloDDD.Infrastructure\RestApiModeloDDD.Infrastructure.csproj", "{10617BB7-3939-47C4-8EAF-E3A1BFE2DCE3}"
EndProject
Project("{FAE04EC0-301F-11D3-BF4B-00C04F79EFBC}") = "RestApiModeloDDD.API", "RestApiModeloDDD.API\RestApiModeloDDD.API.csproj", "{A81FD437-91C7-49D0-A9AC-60E0ED7F56E3}"
EndProject
Global
	GlobalSection(SolutionConfigurationPlatforms) = preSolution
		Debug|Any CPU = Debug|Any CPU
		Release|Any CPU = Release|Any CPU
	EndGlobalSection
	GlobalSection(ProjectConfigurationPlatforms) = postSolution
		{5BA44209-A276-4996-8550-EFD0020ABCBE}.Debug|Any CPU.ActiveCfg = Debug|Any CPU
		{5BA44209-A276-4996-8550-EFD0020ABCBE}.Debug|Any CPU.Build.0 = Debug|Any CPU
		{5BA44209-A276-4996-8550-EFD0020ABCBE}.Release|Any CPU.ActiveCfg = Release|Any CPU
		{5BA44209-A276-4996-8550-EFD0020ABCBE}.Release|Any CPU.Build.0 = Release|Any CPU
		{00A7A98F-D204-4298-B3B9-BAED5BC9F9FE}.Debug|Any CPU.ActiveCfg = Debug|Any CPU
		{00A7A98F-D204-4298-B3B9-BAED5BC9F9FE}.Debug|Any CPU.Build.0 = Debug|Any CPU
		{00A7A98F-D204-4298-B3B9-BAED5BC9F9FE}.Release|Any CPU.ActiveCfg = Release|Any CPU
		{00A7A98F-D204-4298-B3B9-BAED5BC9F9FE}.Release|Any CPU.Build.0 = Release|Any CPU
		{C4138101-8578-4E4D-8FAE-425BEB1F52C5}.Debug|Any CPU.ActiveCfg = Debug|Any CPU
		{C4138101-8578-4E4D-8FAE-425BEB1F52C5}.Debug|Any CPU.Build.0 = Debug|Any CPU
		{C4138101-8578-4E4D-8FAE-425BEB1F52C5}.Release|Any CPU.ActiveCfg = Release|Any CPU
		{C4138101-8578-4E4D-8FAE-425BEB1F52C5}.Release|Any CPU.Build.0 = Release|Any CPU
		{2F217E31-B029-4607-9EE4-D7FE0F2D5892}.Debug|Any CPU.ActiveCfg = Debug|Any CPU
		{2F217E31-B029-4607-9EE4-D7FE0F2D5892}.Debug|Any CPU.Build.0 = Debug|Any CPU
		{2F217E31-B029-4607-9EE4-D7FE0F2D5892}.Release|Any CPU.ActiveCfg = Release|Any CPU
		{2F217E31-B029-4607-9EE4-D7FE0F2D5892}.Release|Any CPU.Build.0 = Release|Any CPU
		{10617BB7-3939-47C4-8EAF-E3A1BFE2DCE3}.Debug|Any CPU.ActiveCfg = Debug|Any CPU
		{10617BB7-3939-47C4-8EAF-E3A1BFE2DCE3}.Debug|Any CPU.Build.0 = Debug|Any CPU
		{10617BB7-3939-47C4-8EAF-E3A1BFE2DCE3}.Release|Any CPU.ActiveCfg = Release|Any CPU
		{10617BB7-3939-47C4-8EAF-E3A1BFE2DCE3}.Release|Any CPU.Build.0 = Release|Any CPU
		{A81FD437-91C7-49D0-A9AC-60E0ED7F56E3}.Debug|Any CPU.ActiveCfg = Debug|Any CPU
		{A81FD437-91C7-49D0-A9AC-60E0ED7F56E3}.Debug|Any CPU.Build.0 = Debug|Any CPU
		{A81FD437-91C7-49D0-A9AC-60E0ED7F56E3}.Release|Any CPU.ActiveCfg = Release|Any CPU
		{A81FD437-91C7-49D0-A9AC-60E0ED7F56E3}.Release|Any CPU.Build.0 = Release|Any CPU
	EndGlobalSection
	GlobalSection(SolutionProperties) = preSolution
		HideSolutionNode = FALSE
	EndGlobalSection
	GlobalSection(NestedProjects) = preSolution
		{5BA44209-A276-4996-8550-EFD0020ABCBE} = {98E25F96-29BC-43B0-BE53-9A85FEB69F41}
		{00A7A98F-D204-4298-B3B9-BAED5BC9F9FE} = {888FC12A-426D-432D-A784-75B00A55B891}
		{C4138101-8578-4E4D-8FAE-425BEB1F52C5} = {888FC12A-426D-432D-A784-75B00A55B891}
		{2F217E31-B029-4607-9EE4-D7FE0F2D5892} = {888FC12A-426D-432D-A784-75B00A55B891}
		{10617BB7-3939-47C4-8EAF-E3A1BFE2DCE3} = {F00F94E2-3855-4EE4-81BD-1F5D50CF7D20}
		{A81FD437-91C7-49D0-A9AC-60E0ED7F56E3} = {8D2A0F4D-FA20-4F32-B7F8-2E109EB73DAA}
	EndGlobalSection
	GlobalSection(ExtensibilityGlobals) = postSolution
		SolutionGuid = {35368717-7037-4785-8579-BE778A96BEA2}
	EndGlobalSection
EndGlobal
